PODS:
  - Flutter (1.0.0)
  - native_add (0.0.1):
    - Flutter

DEPENDENCIES:
  - Flutter (from `Flutter`)
  - native_add (from `.symlinks/plugins/native_add/ios`)

EXTERNAL SOURCES:
  Flutter:
    :path: Flutter
  native_add:
    :path: ".symlinks/plugins/native_add/ios"

SPEC CHECKSUMS:
  Flutter: 0e3d915762c693b495b44d77113d4970485de6ec
  native_add: 1d46aec1623a161f6f5604023c5a5c95b917871f

PODFILE CHECKSUM: aafe91acc616949ddb318b77800a7f51bffa2a4c

COCOAPODS: 1.9.1
